
Microsoft Visual Studio Solution File, Format Version 12.00
# Visual Studio 14
VisualStudioVersion = 14.0.25420.1
MinimumVisualStudioVersion = 10.0.40219.1
Project("{2150E333-8FDC-42A3-9474-1A3956D46DE8}") = "src", "src", "{E08A7350-B82A-4AFC-A8AA-2D5FD3E46D8B}"
EndProject
Project("{2150E333-8FDC-42A3-9474-1A3956D46DE8}") = "Solution Items", "Solution Items", "{249D16AB-A3B8-4822-A202-4E36F66BA14C}"
	ProjectSection(SolutionItems) = preProject
		global.json = global.json
	EndProjectSection
EndProject
Project("{8BB2217D-0F2D-49D1-97BC-3654ED321F3B}") = "RentALawyerWebApp", "src\RentALawyerWebApp\RentALawyerWebApp.xproj", "{1422E245-3047-401A-A3BB-23F5A4765B5D}"
EndProject
Global
	GlobalSection(SolutionConfigurationPlatforms) = preSolution
		Debug|Any CPU = Debug|Any CPU
		Release|Any CPU = Release|Any CPU
	EndGlobalSection
	GlobalSection(ProjectConfigurationPlatforms) = postSolution
		{1422E245-3047-401A-A3BB-23F5A4765B5D}.Debug|Any CPU.ActiveCfg = Debug|Any CPU
		{1422E245-3047-401A-A3BB-23F5A4765B5D}.Debug|Any CPU.Build.0 = Debug|Any CPU
		{1422E245-3047-401A-A3BB-23F5A4765B5D}.Release|Any CPU.ActiveCfg = Release|Any CPU
		{1422E245-3047-401A-A3BB-23F5A4765B5D}.Release|Any CPU.Build.0 = Release|Any CPU
	EndGlobalSection
	GlobalSection(SolutionProperties) = preSolution
		HideSolutionNode = FALSE
	EndGlobalSection
	GlobalSection(NestedProjects) = preSolution
		{1422E245-3047-401A-A3BB-23F5A4765B5D} = {E08A7350-B82A-4AFC-A8AA-2D5FD3E46D8B}
	EndGlobalSection
EndGlobal
